
Microsoft Visual Studio Solution File, Format Version 12.00
# Visual Studio Version 17
Project("{8BC9CEB8-8B4A-11D0-8D11-00A0C91BC942}") = "GLFW", "Wulled\Engine\vendor\proj\git\GLFW\GLFW.vcxproj", "{154B857C-0182-860D-AA6E-6C109684020F}"
EndProject
Project("{8BC9CEB8-8B4A-11D0-8D11-00A0C91BC942}") = "Glad", "Wulled\Engine\vendor\proj\source\Glad\Glad.vcxproj", "{BDD6857C-A90D-870D-52FA-6C103E10030F}"
EndProject
Project("{8BC9CEB8-8B4A-11D0-8D11-00A0C91BC942}") = "ImGui", "Wulled\Engine\vendor\proj\git\ImGui\ImGui.vcxproj", "{C0FF640D-2C14-8DBE-F595-301E616989EF}"
EndProject
Project("{8BC9CEB8-8B4A-11D0-8D11-00A0C91BC942}") = "SandBox", "SandBox\SandBox.vcxproj", "{D43924E3-4019-A37E-4931-2E55B58F09E0}"
EndProject
Project("{8BC9CEB8-8B4A-11D0-8D11-00A0C91BC942}") = "Wulled", "Wulled\Wulled.vcxproj", "{321852DB-1EBA-7CB1-0775-9005F3B50302}"
EndProject
Project("{8BC9CEB8-8B4A-11D0-8D11-00A0C91BC942}") = "glm", "Wulled\Engine\vendor\proj\git\glm\glm.vcxproj", "{6577880B-D180-887C-5AFC-9E7CC604947C}"
EndProject
Project("{8BC9CEB8-8B4A-11D0-8D11-00A0C91BC942}") = "spdlog", "Wulled\Engine\vendor\proj\git\spdlog\spdlog.vcxproj", "{8EAD431C-7A4F-6EF2-630A-82464F4BF542}"
EndProject
Global
	GlobalSection(SolutionConfigurationPlatforms) = preSolution
		Debug|x64 = Debug|x64
		dist|x64 = dist|x64
		Release|x64 = Release|x64
	EndGlobalSection
	GlobalSection(ProjectConfigurationPlatforms) = postSolution
		{154B857C-0182-860D-AA6E-6C109684020F}.Debug|x64.ActiveCfg = Debug|x64
		{154B857C-0182-860D-AA6E-6C109684020F}.Debug|x64.Build.0 = Debug|x64
		{154B857C-0182-860D-AA6E-6C109684020F}.dist|x64.ActiveCfg = dist|x64
		{154B857C-0182-860D-AA6E-6C109684020F}.dist|x64.Build.0 = dist|x64
		{154B857C-0182-860D-AA6E-6C109684020F}.Release|x64.ActiveCfg = Release|x64
		{154B857C-0182-860D-AA6E-6C109684020F}.Release|x64.Build.0 = Release|x64
		{BDD6857C-A90D-870D-52FA-6C103E10030F}.Debug|x64.ActiveCfg = Debug|x64
		{BDD6857C-A90D-870D-52FA-6C103E10030F}.Debug|x64.Build.0 = Debug|x64
		{BDD6857C-A90D-870D-52FA-6C103E10030F}.dist|x64.ActiveCfg = dist|x64
		{BDD6857C-A90D-870D-52FA-6C103E10030F}.dist|x64.Build.0 = dist|x64
		{BDD6857C-A90D-870D-52FA-6C103E10030F}.Release|x64.ActiveCfg = Release|x64
		{BDD6857C-A90D-870D-52FA-6C103E10030F}.Release|x64.Build.0 = Release|x64
		{C0FF640D-2C14-8DBE-F595-301E616989EF}.Debug|x64.ActiveCfg = Debug|x64
		{C0FF640D-2C14-8DBE-F595-301E616989EF}.Debug|x64.Build.0 = Debug|x64
		{C0FF640D-2C14-8DBE-F595-301E616989EF}.dist|x64.ActiveCfg = dist|x64
		{C0FF640D-2C14-8DBE-F595-301E616989EF}.dist|x64.Build.0 = dist|x64
		{C0FF640D-2C14-8DBE-F595-301E616989EF}.Release|x64.ActiveCfg = Release|x64
		{C0FF640D-2C14-8DBE-F595-301E616989EF}.Release|x64.Build.0 = Release|x64
		{D43924E3-4019-A37E-4931-2E55B58F09E0}.Debug|x64.ActiveCfg = Debug|x64
		{D43924E3-4019-A37E-4931-2E55B58F09E0}.Debug|x64.Build.0 = Debug|x64
		{D43924E3-4019-A37E-4931-2E55B58F09E0}.dist|x64.ActiveCfg = dist|x64
		{D43924E3-4019-A37E-4931-2E55B58F09E0}.dist|x64.Build.0 = dist|x64
		{D43924E3-4019-A37E-4931-2E55B58F09E0}.Release|x64.ActiveCfg = Release|x64
		{D43924E3-4019-A37E-4931-2E55B58F09E0}.Release|x64.Build.0 = Release|x64
		{321852DB-1EBA-7CB1-0775-9005F3B50302}.Debug|x64.ActiveCfg = Debug|x64
		{321852DB-1EBA-7CB1-0775-9005F3B50302}.Debug|x64.Build.0 = Debug|x64
		{321852DB-1EBA-7CB1-0775-9005F3B50302}.dist|x64.ActiveCfg = dist|x64
		{321852DB-1EBA-7CB1-0775-9005F3B50302}.dist|x64.Build.0 = dist|x64
		{321852DB-1EBA-7CB1-0775-9005F3B50302}.Release|x64.ActiveCfg = Release|x64
		{321852DB-1EBA-7CB1-0775-9005F3B50302}.Release|x64.Build.0 = Release|x64
		{6577880B-D180-887C-5AFC-9E7CC604947C}.Debug|x64.ActiveCfg = Debug|x64
		{6577880B-D180-887C-5AFC-9E7CC604947C}.Debug|x64.Build.0 = Debug|x64
		{6577880B-D180-887C-5AFC-9E7CC604947C}.dist|x64.ActiveCfg = dist|x64
		{6577880B-D180-887C-5AFC-9E7CC604947C}.dist|x64.Build.0 = dist|x64
		{6577880B-D180-887C-5AFC-9E7CC604947C}.Release|x64.ActiveCfg = Release|x64
		{6577880B-D180-887C-5AFC-9E7CC604947C}.Release|x64.Build.0 = Release|x64
		{8EAD431C-7A4F-6EF2-630A-82464F4BF542}.Debug|x64.ActiveCfg = Debug|x64
		{8EAD431C-7A4F-6EF2-630A-82464F4BF542}.Debug|x64.Build.0 = Debug|x64
		{8EAD431C-7A4F-6EF2-630A-82464F4BF542}.dist|x64.ActiveCfg = dist|x64
		{8EAD431C-7A4F-6EF2-630A-82464F4BF542}.dist|x64.Build.0 = dist|x64
		{8EAD431C-7A4F-6EF2-630A-82464F4BF542}.Release|x64.ActiveCfg = Release|x64
		{8EAD431C-7A4F-6EF2-630A-82464F4BF542}.Release|x64.Build.0 = Release|x64
	EndGlobalSection
	GlobalSection(SolutionProperties) = preSolution
		HideSolutionNode = FALSE
	EndGlobalSection
EndGlobal
