
Microsoft Visual Studio Solution File, Format Version 12.00
# Visual Studio Version 17
Project("{8BC9CEB8-8B4A-11D0-8D11-00A0C91BC942}") = "AppStart", "AppStart\AppStart.vcxproj", "{94EB4531-80B8-A03C-A9D1-8EE495FDD5CA}"
EndProject
Project("{8BC9CEB8-8B4A-11D0-8D11-00A0C91BC942}") = "ImGui", "Wulled\Engine\vendor\proj\git\ImGui\ImGui.vcxproj", "{C0FF640D-2C14-8DBE-F595-301E616989EF}"
EndProject
Project("{8BC9CEB8-8B4A-11D0-8D11-00A0C91BC942}") = "STBImage", "Wulled\Engine\vendor\proj\git\STB\STBImage.vcxproj", "{312482F6-1DF1-DC01-460A-CBA932361290}"
EndProject
Project("{8BC9CEB8-8B4A-11D0-8D11-00A0C91BC942}") = "SandBox", "SandBox\SandBox.vcxproj", "{D43924E3-4019-A37E-4931-2E55B58F09E0}"
EndProject
Project("{8BC9CEB8-8B4A-11D0-8D11-00A0C91BC942}") = "Wulled", "Wulled\Wulled.vcxproj", "{321852DB-1EBA-7CB1-0775-9005F3B50302}"
EndProject
Project("{8BC9CEB8-8B4A-11D0-8D11-00A0C91BC942}") = "glew", "Wulled\Engine\vendor\proj\source\glew\glew.vcxproj", "{7463977C-609A-980D-0987-7E10F59C140F}"
EndProject
Global
	GlobalSection(SolutionConfigurationPlatforms) = preSolution
		Debug|AVX2 = Debug|AVX2
		Debug|AVX512 = Debug|AVX512
		Debug|SSE2 = Debug|SSE2
		Dist|AVX2 = Dist|AVX2
		Dist|AVX512 = Dist|AVX512
		Dist|SSE2 = Dist|SSE2
		Release|AVX2 = Release|AVX2
		Release|AVX512 = Release|AVX512
		Release|SSE2 = Release|SSE2
	EndGlobalSection
	GlobalSection(ProjectConfigurationPlatforms) = postSolution
		{94EB4531-80B8-A03C-A9D1-8EE495FDD5CA}.Debug|AVX2.ActiveCfg = Debug|x64
		{94EB4531-80B8-A03C-A9D1-8EE495FDD5CA}.Debug|AVX512.ActiveCfg = Debug|x64
		{94EB4531-80B8-A03C-A9D1-8EE495FDD5CA}.Debug|SSE2.ActiveCfg = Debug|x64
		{94EB4531-80B8-A03C-A9D1-8EE495FDD5CA}.Dist|AVX2.ActiveCfg = Dist|x64
		{94EB4531-80B8-A03C-A9D1-8EE495FDD5CA}.Dist|AVX512.ActiveCfg = Dist|x64
		{94EB4531-80B8-A03C-A9D1-8EE495FDD5CA}.Dist|SSE2.ActiveCfg = Dist|x64
		{94EB4531-80B8-A03C-A9D1-8EE495FDD5CA}.Release|AVX2.ActiveCfg = Release|x64
		{94EB4531-80B8-A03C-A9D1-8EE495FDD5CA}.Release|AVX512.ActiveCfg = Release|x64
		{94EB4531-80B8-A03C-A9D1-8EE495FDD5CA}.Release|SSE2.ActiveCfg = Release|x64
		{C0FF640D-2C14-8DBE-F595-301E616989EF}.Debug|AVX2.ActiveCfg = Debug AVX2|x64
		{C0FF640D-2C14-8DBE-F595-301E616989EF}.Debug|AVX2.Build.0 = Debug AVX2|x64
		{C0FF640D-2C14-8DBE-F595-301E616989EF}.Debug|AVX512.ActiveCfg = Debug AVX512|x64
		{C0FF640D-2C14-8DBE-F595-301E616989EF}.Debug|AVX512.Build.0 = Debug AVX512|x64
		{C0FF640D-2C14-8DBE-F595-301E616989EF}.Debug|SSE2.ActiveCfg = Debug SSE2|x64
		{C0FF640D-2C14-8DBE-F595-301E616989EF}.Debug|SSE2.Build.0 = Debug SSE2|x64
		{C0FF640D-2C14-8DBE-F595-301E616989EF}.Dist|AVX2.ActiveCfg = Dist AVX2|x64
		{C0FF640D-2C14-8DBE-F595-301E616989EF}.Dist|AVX2.Build.0 = Dist AVX2|x64
		{C0FF640D-2C14-8DBE-F595-301E616989EF}.Dist|AVX512.ActiveCfg = Dist AVX512|x64
		{C0FF640D-2C14-8DBE-F595-301E616989EF}.Dist|AVX512.Build.0 = Dist AVX512|x64
		{C0FF640D-2C14-8DBE-F595-301E616989EF}.Dist|SSE2.ActiveCfg = Dist SSE2|x64
		{C0FF640D-2C14-8DBE-F595-301E616989EF}.Dist|SSE2.Build.0 = Dist SSE2|x64
		{C0FF640D-2C14-8DBE-F595-301E616989EF}.Release|AVX2.ActiveCfg = Release AVX2|x64
		{C0FF640D-2C14-8DBE-F595-301E616989EF}.Release|AVX2.Build.0 = Release AVX2|x64
		{C0FF640D-2C14-8DBE-F595-301E616989EF}.Release|AVX512.ActiveCfg = Release AVX512|x64
		{C0FF640D-2C14-8DBE-F595-301E616989EF}.Release|AVX512.Build.0 = Release AVX512|x64
		{C0FF640D-2C14-8DBE-F595-301E616989EF}.Release|SSE2.ActiveCfg = Release SSE2|x64
		{C0FF640D-2C14-8DBE-F595-301E616989EF}.Release|SSE2.Build.0 = Release SSE2|x64
		{312482F6-1DF1-DC01-460A-CBA932361290}.Debug|AVX2.ActiveCfg = Debug AVX2|x64
		{312482F6-1DF1-DC01-460A-CBA932361290}.Debug|AVX2.Build.0 = Debug AVX2|x64
		{312482F6-1DF1-DC01-460A-CBA932361290}.Debug|AVX512.ActiveCfg = Debug AVX512|x64
		{312482F6-1DF1-DC01-460A-CBA932361290}.Debug|AVX512.Build.0 = Debug AVX512|x64
		{312482F6-1DF1-DC01-460A-CBA932361290}.Debug|SSE2.ActiveCfg = Debug SSE2|x64
		{312482F6-1DF1-DC01-460A-CBA932361290}.Debug|SSE2.Build.0 = Debug SSE2|x64
		{312482F6-1DF1-DC01-460A-CBA932361290}.Dist|AVX2.ActiveCfg = Dist AVX2|x64
		{312482F6-1DF1-DC01-460A-CBA932361290}.Dist|AVX2.Build.0 = Dist AVX2|x64
		{312482F6-1DF1-DC01-460A-CBA932361290}.Dist|AVX512.ActiveCfg = Dist AVX512|x64
		{312482F6-1DF1-DC01-460A-CBA932361290}.Dist|AVX512.Build.0 = Dist AVX512|x64
		{312482F6-1DF1-DC01-460A-CBA932361290}.Dist|SSE2.ActiveCfg = Dist SSE2|x64
		{312482F6-1DF1-DC01-460A-CBA932361290}.Dist|SSE2.Build.0 = Dist SSE2|x64
		{312482F6-1DF1-DC01-460A-CBA932361290}.Release|AVX2.ActiveCfg = Release AVX2|x64
		{312482F6-1DF1-DC01-460A-CBA932361290}.Release|AVX2.Build.0 = Release AVX2|x64
		{312482F6-1DF1-DC01-460A-CBA932361290}.Release|AVX512.ActiveCfg = Release AVX512|x64
		{312482F6-1DF1-DC01-460A-CBA932361290}.Release|AVX512.Build.0 = Release AVX512|x64
		{312482F6-1DF1-DC01-460A-CBA932361290}.Release|SSE2.ActiveCfg = Release SSE2|x64
		{312482F6-1DF1-DC01-460A-CBA932361290}.Release|SSE2.Build.0 = Release SSE2|x64
		{D43924E3-4019-A37E-4931-2E55B58F09E0}.Debug|AVX2.ActiveCfg = Debug AVX2|x64
		{D43924E3-4019-A37E-4931-2E55B58F09E0}.Debug|AVX2.Build.0 = Debug AVX2|x64
		{D43924E3-4019-A37E-4931-2E55B58F09E0}.Debug|AVX512.ActiveCfg = Debug AVX512|x64
		{D43924E3-4019-A37E-4931-2E55B58F09E0}.Debug|AVX512.Build.0 = Debug AVX512|x64
		{D43924E3-4019-A37E-4931-2E55B58F09E0}.Debug|SSE2.ActiveCfg = Debug SSE2|x64
		{D43924E3-4019-A37E-4931-2E55B58F09E0}.Debug|SSE2.Build.0 = Debug SSE2|x64
		{D43924E3-4019-A37E-4931-2E55B58F09E0}.Dist|AVX2.ActiveCfg = Dist AVX2|x64
		{D43924E3-4019-A37E-4931-2E55B58F09E0}.Dist|AVX2.Build.0 = Dist AVX2|x64
		{D43924E3-4019-A37E-4931-2E55B58F09E0}.Dist|AVX512.ActiveCfg = Dist AVX512|x64
		{D43924E3-4019-A37E-4931-2E55B58F09E0}.Dist|AVX512.Build.0 = Dist AVX512|x64
		{D43924E3-4019-A37E-4931-2E55B58F09E0}.Dist|SSE2.ActiveCfg = Dist SSE2|x64
		{D43924E3-4019-A37E-4931-2E55B58F09E0}.Dist|SSE2.Build.0 = Dist SSE2|x64
		{D43924E3-4019-A37E-4931-2E55B58F09E0}.Release|AVX2.ActiveCfg = Release AVX2|x64
		{D43924E3-4019-A37E-4931-2E55B58F09E0}.Release|AVX2.Build.0 = Release AVX2|x64
		{D43924E3-4019-A37E-4931-2E55B58F09E0}.Release|AVX512.ActiveCfg = Release AVX512|x64
		{D43924E3-4019-A37E-4931-2E55B58F09E0}.Release|AVX512.Build.0 = Release AVX512|x64
		{D43924E3-4019-A37E-4931-2E55B58F09E0}.Release|SSE2.ActiveCfg = Release SSE2|x64
		{D43924E3-4019-A37E-4931-2E55B58F09E0}.Release|SSE2.Build.0 = Release SSE2|x64
		{321852DB-1EBA-7CB1-0775-9005F3B50302}.Debug|AVX2.ActiveCfg = Debug AVX2|x64
		{321852DB-1EBA-7CB1-0775-9005F3B50302}.Debug|AVX2.Build.0 = Debug AVX2|x64
		{321852DB-1EBA-7CB1-0775-9005F3B50302}.Debug|AVX512.ActiveCfg = Debug AVX512|x64
		{321852DB-1EBA-7CB1-0775-9005F3B50302}.Debug|AVX512.Build.0 = Debug AVX512|x64
		{321852DB-1EBA-7CB1-0775-9005F3B50302}.Debug|SSE2.ActiveCfg = Debug SSE2|x64
		{321852DB-1EBA-7CB1-0775-9005F3B50302}.Debug|SSE2.Build.0 = Debug SSE2|x64
		{321852DB-1EBA-7CB1-0775-9005F3B50302}.Dist|AVX2.ActiveCfg = Dist AVX2|x64
		{321852DB-1EBA-7CB1-0775-9005F3B50302}.Dist|AVX2.Build.0 = Dist AVX2|x64
		{321852DB-1EBA-7CB1-0775-9005F3B50302}.Dist|AVX512.ActiveCfg = Dist AVX512|x64
		{321852DB-1EBA-7CB1-0775-9005F3B50302}.Dist|AVX512.Build.0 = Dist AVX512|x64
		{321852DB-1EBA-7CB1-0775-9005F3B50302}.Dist|SSE2.ActiveCfg = Dist SSE2|x64
		{321852DB-1EBA-7CB1-0775-9005F3B50302}.Dist|SSE2.Build.0 = Dist SSE2|x64
		{321852DB-1EBA-7CB1-0775-9005F3B50302}.Release|AVX2.ActiveCfg = Release AVX2|x64
		{321852DB-1EBA-7CB1-0775-9005F3B50302}.Release|AVX2.Build.0 = Release AVX2|x64
		{321852DB-1EBA-7CB1-0775-9005F3B50302}.Release|AVX512.ActiveCfg = Release AVX512|x64
		{321852DB-1EBA-7CB1-0775-9005F3B50302}.Release|AVX512.Build.0 = Release AVX512|x64
		{321852DB-1EBA-7CB1-0775-9005F3B50302}.Release|SSE2.ActiveCfg = Release SSE2|x64
		{321852DB-1EBA-7CB1-0775-9005F3B50302}.Release|SSE2.Build.0 = Release SSE2|x64
		{7463977C-609A-980D-0987-7E10F59C140F}.Debug|AVX2.ActiveCfg = Debug AVX2|x64
		{7463977C-609A-980D-0987-7E10F59C140F}.Debug|AVX2.Build.0 = Debug AVX2|x64
		{7463977C-609A-980D-0987-7E10F59C140F}.Debug|AVX512.ActiveCfg = Debug AVX512|x64
		{7463977C-609A-980D-0987-7E10F59C140F}.Debug|AVX512.Build.0 = Debug AVX512|x64
		{7463977C-609A-980D-0987-7E10F59C140F}.Debug|SSE2.ActiveCfg = Debug SSE2|x64
		{7463977C-609A-980D-0987-7E10F59C140F}.Debug|SSE2.Build.0 = Debug SSE2|x64
		{7463977C-609A-980D-0987-7E10F59C140F}.Dist|AVX2.ActiveCfg = Dist AVX2|x64
		{7463977C-609A-980D-0987-7E10F59C140F}.Dist|AVX2.Build.0 = Dist AVX2|x64
		{7463977C-609A-980D-0987-7E10F59C140F}.Dist|AVX512.ActiveCfg = Dist AVX512|x64
		{7463977C-609A-980D-0987-7E10F59C140F}.Dist|AVX512.Build.0 = Dist AVX512|x64
		{7463977C-609A-980D-0987-7E10F59C140F}.Dist|SSE2.ActiveCfg = Dist SSE2|x64
		{7463977C-609A-980D-0987-7E10F59C140F}.Dist|SSE2.Build.0 = Dist SSE2|x64
		{7463977C-609A-980D-0987-7E10F59C140F}.Release|AVX2.ActiveCfg = Release AVX2|x64
		{7463977C-609A-980D-0987-7E10F59C140F}.Release|AVX2.Build.0 = Release AVX2|x64
		{7463977C-609A-980D-0987-7E10F59C140F}.Release|AVX512.ActiveCfg = Release AVX512|x64
		{7463977C-609A-980D-0987-7E10F59C140F}.Release|AVX512.Build.0 = Release AVX512|x64
		{7463977C-609A-980D-0987-7E10F59C140F}.Release|SSE2.ActiveCfg = Release SSE2|x64
		{7463977C-609A-980D-0987-7E10F59C140F}.Release|SSE2.Build.0 = Release SSE2|x64
	EndGlobalSection
	GlobalSection(SolutionProperties) = preSolution
		HideSolutionNode = FALSE
	EndGlobalSection
EndGlobal
