<?xml version="1.0" encoding="utf-8"?>
<Project ToolsVersion="4.0" xmlns="http://schemas.microsoft.com/developer/msbuild/2003">
  <ItemGroup>
    <Filter Include="Engine">
      <UniqueIdentifier>{DBC7D3B0-C769-FE86-B024-12DB9C6585D7}</UniqueIdentifier>
    </Filter>
    <Filter Include="Engine\src">
      <UniqueIdentifier>{72FBF502-5EB3-3750-C7BA-10ACB391D240}</UniqueIdentifier>
    </Filter>
    <Filter Include="Engine\src\commandLine">
      <UniqueIdentifier>{A828DF54-9422-08A7-7D8F-9EB769286E13}</UniqueIdentifier>
    </Filter>
    <Filter Include="Engine\src\core">
      <UniqueIdentifier>{2AA361B0-962E-CF74-9F3F-52690B4A2B75}</UniqueIdentifier>
    </Filter>
    <Filter Include="Engine\src\core\Events">
      <UniqueIdentifier>{CEDB0ED2-BAD5-3724-A342-CE348FDB9D90}</UniqueIdentifier>
    </Filter>
    <Filter Include="Engine\src\core\ImGui">
      <UniqueIdentifier>{D44FE61D-40BC-A118-09B0-397675DBC380}</UniqueIdentifier>
    </Filter>
    <Filter Include="Engine\src\core\graphics">
      <UniqueIdentifier>{CA36D3B4-B65B-2235-DFA6-07C5CB2A2153}</UniqueIdentifier>
    </Filter>
    <Filter Include="Engine\src\core\graphics\Renderer">
      <UniqueIdentifier>{B0BDB1B3-1C2C-0733-6515-C232D1C2FCCE}</UniqueIdentifier>
    </Filter>
    <Filter Include="Engine\src\core\graphics\camera">
      <UniqueIdentifier>{22184508-8EFB-5348-97FE-818403611A99}</UniqueIdentifier>
    </Filter>
    <Filter Include="Engine\src\core\layers">
      <UniqueIdentifier>{C9DA962B-B5D4-BF7D-9E41-568E8ADA25EA}</UniqueIdentifier>
    </Filter>
    <Filter Include="Engine\src\pch">
      <UniqueIdentifier>{DC13A63B-C8E1-9941-B175-0A689DE275A6}</UniqueIdentifier>
    </Filter>
    <Filter Include="Engine\src\platform">
      <UniqueIdentifier>{26D47D73-9235-5B81-1BA3-A13387039240}</UniqueIdentifier>
    </Filter>
    <Filter Include="Engine\src\platform\DX12">
      <UniqueIdentifier>{34A25F0B-20C7-AE8B-4912-941B3596ADA9}</UniqueIdentifier>
    </Filter>
    <Filter Include="Engine\src\platform\OpenGL">
      <UniqueIdentifier>{9A96497D-86A6-F54D-EF5F-5A6CDB8EE4E6}</UniqueIdentifier>
    </Filter>
    <Filter Include="Engine\src\platform\windows">
      <UniqueIdentifier>{80DCDF1D-ECE9-0D04-75D0-09EFE1DCD9BA}</UniqueIdentifier>
    </Filter>
  </ItemGroup>
  <ItemGroup>
    <ClInclude Include="Engine\src\commandLine\commandLine.h">
      <Filter>Engine\src\commandLine</Filter>
    </ClInclude>
    <ClInclude Include="Engine\src\core\EngineCore.h">
      <Filter>Engine\src\core</Filter>
    </ClInclude>
    <ClInclude Include="Engine\src\core\EntryPoint.h">
      <Filter>Engine\src\core</Filter>
    </ClInclude>
    <ClInclude Include="Engine\src\core\Events\ApplicationEvent.h">
      <Filter>Engine\src\core\Events</Filter>
    </ClInclude>
    <ClInclude Include="Engine\src\core\Events\Event.h">
      <Filter>Engine\src\core\Events</Filter>
    </ClInclude>
    <ClInclude Include="Engine\src\core\Events\KeyEvent.h">
      <Filter>Engine\src\core\Events</Filter>
    </ClInclude>
    <ClInclude Include="Engine\src\core\Events\MouseEvent.h">
      <Filter>Engine\src\core\Events</Filter>
    </ClInclude>
    <ClInclude Include="Engine\src\core\Events\windowEvent.h">
      <Filter>Engine\src\core\Events</Filter>
    </ClInclude>
    <ClInclude Include="Engine\src\core\ImGui\ImGuiLayer.h">
      <Filter>Engine\src\core\ImGui</Filter>
    </ClInclude>
    <ClInclude Include="Engine\src\core\Input.h">
      <Filter>Engine\src\core</Filter>
    </ClInclude>
    <ClInclude Include="Engine\src\core\KeyCodes.h">
      <Filter>Engine\src\core</Filter>
    </ClInclude>
    <ClInclude Include="Engine\src\core\Log.h">
      <Filter>Engine\src\core</Filter>
    </ClInclude>
    <ClInclude Include="Engine\src\core\MouseButtonCodes.h">
      <Filter>Engine\src\core</Filter>
    </ClInclude>
    <ClInclude Include="Engine\src\core\Window.h">
      <Filter>Engine\src\core</Filter>
    </ClInclude>
    <ClInclude Include="Engine\src\core\application.h">
      <Filter>Engine\src\core</Filter>
    </ClInclude>
    <ClInclude Include="Engine\src\core\graphics\GraphicsContext.h">
      <Filter>Engine\src\core\graphics</Filter>
    </ClInclude>
    <ClInclude Include="Engine\src\core\graphics\Renderer\Buffer.h">
      <Filter>Engine\src\core\graphics\Renderer</Filter>
    </ClInclude>
    <ClInclude Include="Engine\src\core\graphics\Renderer\RenderCommand.h">
      <Filter>Engine\src\core\graphics\Renderer</Filter>
    </ClInclude>
    <ClInclude Include="Engine\src\core\graphics\Renderer\Renderer.h">
      <Filter>Engine\src\core\graphics\Renderer</Filter>
    </ClInclude>
    <ClInclude Include="Engine\src\core\graphics\Renderer\RendererAPI.h">
      <Filter>Engine\src\core\graphics\Renderer</Filter>
    </ClInclude>
    <ClInclude Include="Engine\src\core\graphics\Renderer\Shader.h">
      <Filter>Engine\src\core\graphics\Renderer</Filter>
    </ClInclude>
    <ClInclude Include="Engine\src\core\graphics\Renderer\VertexArray.h">
      <Filter>Engine\src\core\graphics\Renderer</Filter>
    </ClInclude>
    <ClInclude Include="Engine\src\core\graphics\camera\PerspectiveCamera.h">
      <Filter>Engine\src\core\graphics\camera</Filter>
    </ClInclude>
    <ClInclude Include="Engine\src\core\layers\Layer.h">
      <Filter>Engine\src\core\layers</Filter>
    </ClInclude>
    <ClInclude Include="Engine\src\core\layers\LayerStack.h">
      <Filter>Engine\src\core\layers</Filter>
    </ClInclude>
    <ClInclude Include="Engine\src\pch\wldpch.h">
      <Filter>Engine\src\pch</Filter>
    </ClInclude>
    <ClInclude Include="Engine\src\platform\DX12\DX12Buffer.h">
      <Filter>Engine\src\platform\DX12</Filter>
    </ClInclude>
    <ClInclude Include="Engine\src\platform\DX12\DX12Context.h">
      <Filter>Engine\src\platform\DX12</Filter>
    </ClInclude>
    <ClInclude Include="Engine\src\platform\OpenGL\OpenGLBuffer.h">
      <Filter>Engine\src\platform\OpenGL</Filter>
    </ClInclude>
    <ClInclude Include="Engine\src\platform\OpenGL\OpenGLContext.h">
      <Filter>Engine\src\platform\OpenGL</Filter>
    </ClInclude>
    <ClInclude Include="Engine\src\platform\OpenGL\OpenGLRendererAPI.h">
      <Filter>Engine\src\platform\OpenGL</Filter>
    </ClInclude>
    <ClInclude Include="Engine\src\platform\OpenGL\OpenGLShader.h">
      <Filter>Engine\src\platform\OpenGL</Filter>
    </ClInclude>
    <ClInclude Include="Engine\src\platform\OpenGL\OpenGLVertexArray.h">
      <Filter>Engine\src\platform\OpenGL</Filter>
    </ClInclude>
    <ClInclude Include="Engine\src\platform\windows\WinEvent.h">
      <Filter>Engine\src\platform\windows</Filter>
    </ClInclude>
    <ClInclude Include="Engine\src\platform\windows\WinInput.h">
      <Filter>Engine\src\platform\windows</Filter>
    </ClInclude>
    <ClInclude Include="Engine\src\platform\windows\WinWindow.h">
      <Filter>Engine\src\platform\windows</Filter>
    </ClInclude>
    <ClInclude Include="app.h" />
  </ItemGroup>
  <ItemGroup>
    <ClCompile Include="Engine\src\commandLine\commandLine.cpp">
      <Filter>Engine\src\commandLine</Filter>
    </ClCompile>
    <ClCompile Include="Engine\src\core\ImGui\ImGuiLayer.cpp">
      <Filter>Engine\src\core\ImGui</Filter>
    </ClCompile>
    <ClCompile Include="Engine\src\core\Log.cpp">
      <Filter>Engine\src\core</Filter>
    </ClCompile>
    <ClCompile Include="Engine\src\core\Window.cpp">
      <Filter>Engine\src\core</Filter>
    </ClCompile>
    <ClCompile Include="Engine\src\core\application.cpp">
      <Filter>Engine\src\core</Filter>
    </ClCompile>
    <ClCompile Include="Engine\src\core\graphics\GraphicsContext.cpp">
      <Filter>Engine\src\core\graphics</Filter>
    </ClCompile>
    <ClCompile Include="Engine\src\core\graphics\Renderer\Buffer.cpp">
      <Filter>Engine\src\core\graphics\Renderer</Filter>
    </ClCompile>
    <ClCompile Include="Engine\src\core\graphics\Renderer\RenderCommand.cpp">
      <Filter>Engine\src\core\graphics\Renderer</Filter>
    </ClCompile>
    <ClCompile Include="Engine\src\core\graphics\Renderer\Renderer.cpp">
      <Filter>Engine\src\core\graphics\Renderer</Filter>
    </ClCompile>
    <ClCompile Include="Engine\src\core\graphics\Renderer\RendererAPI.cpp">
      <Filter>Engine\src\core\graphics\Renderer</Filter>
    </ClCompile>
    <ClCompile Include="Engine\src\core\graphics\Renderer\Shader.cpp">
      <Filter>Engine\src\core\graphics\Renderer</Filter>
    </ClCompile>
    <ClCompile Include="Engine\src\core\graphics\Renderer\VertexArray.cpp">
      <Filter>Engine\src\core\graphics\Renderer</Filter>
    </ClCompile>
    <ClCompile Include="Engine\src\core\graphics\camera\PersectiveCamera.cpp">
      <Filter>Engine\src\core\graphics\camera</Filter>
    </ClCompile>
    <ClCompile Include="Engine\src\core\layers\Layer.cpp">
      <Filter>Engine\src\core\layers</Filter>
    </ClCompile>
    <ClCompile Include="Engine\src\core\layers\LayerStack.cpp">
      <Filter>Engine\src\core\layers</Filter>
    </ClCompile>
    <ClCompile Include="Engine\src\pch\wldpch.cpp">
      <Filter>Engine\src\pch</Filter>
    </ClCompile>
    <ClCompile Include="Engine\src\platform\DX12\DX12Buffer.cpp">
      <Filter>Engine\src\platform\DX12</Filter>
    </ClCompile>
    <ClCompile Include="Engine\src\platform\DX12\DX12Context.cpp">
      <Filter>Engine\src\platform\DX12</Filter>
    </ClCompile>
    <ClCompile Include="Engine\src\platform\OpenGL\OpenGLBuffer.cpp">
      <Filter>Engine\src\platform\OpenGL</Filter>
    </ClCompile>
    <ClCompile Include="Engine\src\platform\OpenGL\OpenGLContext.cpp">
      <Filter>Engine\src\platform\OpenGL</Filter>
    </ClCompile>
    <ClCompile Include="Engine\src\platform\OpenGL\OpenGLRendererAPI.cpp">
      <Filter>Engine\src\platform\OpenGL</Filter>
    </ClCompile>
    <ClCompile Include="Engine\src\platform\OpenGL\OpenGLShader.cpp">
      <Filter>Engine\src\platform\OpenGL</Filter>
    </ClCompile>
    <ClCompile Include="Engine\src\platform\OpenGL\OpenGLVertexArray.cpp">
      <Filter>Engine\src\platform\OpenGL</Filter>
    </ClCompile>
    <ClCompile Include="Engine\src\platform\windows\WinEvent.cpp">
      <Filter>Engine\src\platform\windows</Filter>
    </ClCompile>
    <ClCompile Include="Engine\src\platform\windows\WinInput.cpp">
      <Filter>Engine\src\platform\windows</Filter>
    </ClCompile>
    <ClCompile Include="Engine\src\platform\windows\WinWindow.cpp">
      <Filter>Engine\src\platform\windows</Filter>
    </ClCompile>
  </ItemGroup>
</Project>